// !$*UTF8*$!
{
	archiveVersion = 1;
	classes = {
	};
	objectVersion = 46;
	objects = {
/* Begin PBXBuildFile section */
		0207DA581B56EA530066E2B4 /* Images.xcassets in Resources */ = {isa = PBXBuildFile; fileRef = 0207DA571B56EA530066E2B4 /* Images.xcassets */; };
		1D3623260D0F684500981E51 /* AppDelegate.m in Sources */ = {isa = PBXBuildFile; fileRef = 1D3623250D0F684500981E51 /* AppDelegate.m */; };
		1D60589B0D05DD56006BFB54 /* main.m in Sources */ = {isa = PBXBuildFile; fileRef = 29B97316FDCFA39411CA2CEA /* main.m */; };
		301BF552109A68D80062928A /* libCordova.a in Frameworks */ = {isa = PBXBuildFile; fileRef = 301BF535109A57CC0062928A /* libCordova.a */; settings = {ATTRIBUTES = (Required, ); }; };
		302D95F114D2391D003F00A1 /* MainViewController.m in Sources */ = {isa = PBXBuildFile; fileRef = 302D95EF14D2391D003F00A1 /* MainViewController.m */; };
		302D95F214D2391D003F00A1 /* MainViewController.xib in Resources */ = {isa = PBXBuildFile; fileRef = 302D95F014D2391D003F00A1 /* MainViewController.xib */; };
		6AFF5BF91D6E424B00AB3073 /* CDVLaunchScreen.storyboard in Resources */ = {isa = PBXBuildFile; fileRef = 6AFF5BF81D6E424B00AB3073 /* CDVLaunchScreen.storyboard */; };
		E2F72F7E5C554774B779018E /* CDVFile.m in Sources */ = {isa = PBXBuildFile; fileRef = C0592964777148C4BF89DC78 /* CDVFile.m */; };
		BAD7181CA584470F8C55974A /* CDVLocalFilesystem.m in Sources */ = {isa = PBXBuildFile; fileRef = 8A177034F7E74236B2B01E5B /* CDVLocalFilesystem.m */; };
		404D0DFF53274417A4114ECB /* CDVAssetLibraryFilesystem.m in Sources */ = {isa = PBXBuildFile; fileRef = B89DE5F18DD34BAC9300989C /* CDVAssetLibraryFilesystem.m */; };
		537E95E854E140EABDEE5484 /* CDVStatusBar.m in Sources */ = {isa = PBXBuildFile; fileRef = 73D860BEC73148C2B50EF000 /* CDVStatusBar.m */; };
		B527092EDE1D44D8A6FBBCC0 /* CorHttpd.m in Sources */ = {isa = PBXBuildFile; fileRef = 9250F3965E574A4EA373343A /* CorHttpd.m */; };
		672B255491AD4EC1869D2AA7 /* HTTPServer.m in Sources */ = {isa = PBXBuildFile; fileRef = A379C429B7F443C2BEE15267 /* HTTPServer.m */; };
		2D7F366C247B453BBEF035E1 /* WebSocket.m in Sources */ = {isa = PBXBuildFile; fileRef = 359C26D8E4CA4A06BC9A2799 /* WebSocket.m */; };
		3FE37F77C1A84CC082742926 /* HTTPMessage.m in Sources */ = {isa = PBXBuildFile; fileRef = 72EBCF8542CB446BB6187BF7 /* HTTPMessage.m */; };
		AFEA003809C84441A3E0AEA6 /* HTTPAuthenticationRequest.m in Sources */ = {isa = PBXBuildFile; fileRef = 62EA82A88709425891348067 /* HTTPAuthenticationRequest.m */; };
		C5DBF456F5E24E2E88E1E48C /* HTTPConnection.m in Sources */ = {isa = PBXBuildFile; fileRef = 93F0DF8B933A4D7990E98A70 /* HTTPConnection.m */; };
		0D1D361083AF4C8D8C860241 /* HTTPAsyncFileResponse.m in Sources */ = {isa = PBXBuildFile; fileRef = EADCE55B4F074D76AC7060F0 /* HTTPAsyncFileResponse.m */; };
		0EF3F07FA8D240639D69830C /* HTTPErrorResponse.m in Sources */ = {isa = PBXBuildFile; fileRef = 94DCA67834DB4B198E69C3A1 /* HTTPErrorResponse.m */; };
		2FB4219467074883BE5B458C /* HTTPDynamicFileResponse.m in Sources */ = {isa = PBXBuildFile; fileRef = F9CF62054ED9493E913A2AC5 /* HTTPDynamicFileResponse.m */; };
		5DDEB2659CF14C23ADF04217 /* HTTPRedirectResponse.m in Sources */ = {isa = PBXBuildFile; fileRef = 9F846C0397AD4169A10BF0D6 /* HTTPRedirectResponse.m */; };
		C0EA466210CF40F6BDBBC866 /* HTTPFileResponse.m in Sources */ = {isa = PBXBuildFile; fileRef = A7D865775F6E45DC986E0C06 /* HTTPFileResponse.m */; };
		B41CCBA111264C27B96ED256 /* HTTPDataResponse.m in Sources */ = {isa = PBXBuildFile; fileRef = 13B5398787FE4FB89B3F5935 /* HTTPDataResponse.m */; };
		F95CB534741142E194F7E05A /* MultipartFormDataParser.m in Sources */ = {isa = PBXBuildFile; fileRef = B9813904BE7E4D40BA7C33F0 /* MultipartFormDataParser.m */; };
		FDE81EAE0ED54EB89CBDD208 /* MultipartMessageHeader.m in Sources */ = {isa = PBXBuildFile; fileRef = AFCC9069DCE541568B1B323C /* MultipartMessageHeader.m */; };
		AAE611E35E73494C9E883CEE /* MultipartMessageHeaderField.m in Sources */ = {isa = PBXBuildFile; fileRef = 0152660512A747A4B34277F1 /* MultipartMessageHeaderField.m */; };
		C70B679031734E799667F6B8 /* DDData.m in Sources */ = {isa = PBXBuildFile; fileRef = 849C6F052FAB49B2882DA016 /* DDData.m */; };
		3FE8721F1046456E9CF35C0D /* DDNumber.m in Sources */ = {isa = PBXBuildFile; fileRef = AE4C9AD7332541FEBC40C7FA /* DDNumber.m */; };
		4A22E06B21AE4B54BC270798 /* DDRange.m in Sources */ = {isa = PBXBuildFile; fileRef = 4D13E1229DD74A17AC2E0E44 /* DDRange.m */; };
		1C2B83F551FD406D9009D5D6 /* GCDAsyncSocket.m in Sources */ = {isa = PBXBuildFile; fileRef = 660858A779324386A24DEB2D /* GCDAsyncSocket.m */; };
		DEEBF9E1E5D34890BEAC0FEC /* DDAbstractDatabaseLogger.h in Resources */ = {isa = PBXBuildFile; fileRef = E24D15807D4348CA86C2AB5B /* DDAbstractDatabaseLogger.h */; };
		ECEBAA98401D4B8693FD0922 /* DDAbstractDatabaseLogger.m in Sources */ = {isa = PBXBuildFile; fileRef = C570B6D083994FA1AF2677EF /* DDAbstractDatabaseLogger.m */; };
		B7AF5FE7381A47E892233A69 /* DDFileLogger.m in Sources */ = {isa = PBXBuildFile; fileRef = 61847A35849B42578BC02C20 /* DDFileLogger.m */; };
		E23DAAA463F646C7A5FF7285 /* DDASLLogger.m in Sources */ = {isa = PBXBuildFile; fileRef = 9DF7B67B3C674C35B033380F /* DDASLLogger.m */; };
		197A2C820D8547A1B98B80AE /* DDTTYLogger.m in Sources */ = {isa = PBXBuildFile; fileRef = 19C66D46F11443FAB95FDFAF /* DDTTYLogger.m */; };
		5FA799A7CB0D4B97B5B435E9 /* DDLog.m in Sources */ = {isa = PBXBuildFile; fileRef = 22B271C5F6D043E0ACDCF9A1 /* DDLog.m */; };
		D476C165004246DABCB631BD /* ContextFilterLogFormatter.m in Sources */ = {isa = PBXBuildFile; fileRef = 200D1C7D889B484A8ABB06F8 /* ContextFilterLogFormatter.m */; };
		72093B86C77A4BA48886D84D /* DispatchQueueLogFormatter.m in Sources */ = {isa = PBXBuildFile; fileRef = 7EA2C25A23134B10829C5E16 /* DispatchQueueLogFormatter.m */; };
		83A708A6B34D48468D59A758 /* CFNetwork.framework in Frameworks */ = {isa = PBXBuildFile; fileRef = E8775C8967A9485CBBC2CBE0 /* CFNetwork.framework */; };
		C7E0FC20FE0D44CABC89C38B /* Foundation.framework in Frameworks */ = {isa = PBXBuildFile; fileRef = 052E1A8133E249ECA070E820 /* Foundation.framework */; };
		8CE52F768F9349C39DF45B01 /* Security.framework in Frameworks */ = {isa = PBXBuildFile; fileRef = 303A0360FB1140A2BF623DC4 /* Security.framework */; };
		8F2EABEF029847368A135B7D /* CordovaHttpPlugin.m in Sources */ = {isa = PBXBuildFile; fileRef = DEDAF396A0AA45838CD71678 /* CordovaHttpPlugin.m */; };
		7FA727FA947F45F18BE0523F /* BinaryResponseSerializer.m in Sources */ = {isa = PBXBuildFile; fileRef = 9CD953D79EFA42039F72B4BF /* BinaryResponseSerializer.m */; };
		DD20507269BB47628F68DB1F /* TextResponseSerializer.m in Sources */ = {isa = PBXBuildFile; fileRef = E97C3D5C4A54425BB2DB5195 /* TextResponseSerializer.m */; };
		7E8C4F7DA6184534BCD92B52 /* TextRequestSerializer.m in Sources */ = {isa = PBXBuildFile; fileRef = 30B0EF32FCE3491197A611A8 /* TextRequestSerializer.m */; };
		16556390C02742DCAF1D8B42 /* AFHTTPSessionManager.m in Sources */ = {isa = PBXBuildFile; fileRef = 519FD31EC22948FCA02E41ED /* AFHTTPSessionManager.m */; };
		61648BC9C7CB419C95A88774 /* AFNetworkReachabilityManager.m in Sources */ = {isa = PBXBuildFile; fileRef = 6DC22B3384BB47D5BB77E341 /* AFNetworkReachabilityManager.m */; };
		71E1B50515384A3282C65457 /* AFSecurityPolicy.m in Sources */ = {isa = PBXBuildFile; fileRef = F9DE4DC9563941AAAF844A97 /* AFSecurityPolicy.m */; };
		F1B81AF3B4B94DBBAF419BD0 /* AFURLRequestSerialization.m in Sources */ = {isa = PBXBuildFile; fileRef = D13906D8F4D840BB91D1E111 /* AFURLRequestSerialization.m */; };
		B872AA5A16524BA29F9F8EFC /* AFURLResponseSerialization.m in Sources */ = {isa = PBXBuildFile; fileRef = 52AB57C1EC824240BBC9C318 /* AFURLResponseSerialization.m */; };
		CF905F9FA3BF4581AB57C948 /* AFURLSessionManager.m in Sources */ = {isa = PBXBuildFile; fileRef = 3BD02D02F1D4443090E8E64E /* AFURLSessionManager.m */; };
		FA0D7778D5FD40D1B8F078F0 /* SDNetworkActivityIndicator.m in Sources */ = {isa = PBXBuildFile; fileRef = A88B0AFF5B67425795545EA0 /* SDNetworkActivityIndicator.m */; };
		0DC9F0B692774DFBACA08FF7 /* SystemConfiguration.framework in Frameworks */ = {isa = PBXBuildFile; fileRef = 286FEEB1D19A4084B6E4AD3D /* SystemConfiguration.framework */; };
/* End PBXBuildFile section */

/* Begin PBXContainerItemProxy section */
		301BF534109A57CC0062928A /* PBXContainerItemProxy */ = {
			isa = PBXContainerItemProxy;
			containerPortal = 301BF52D109A57CC0062928A /* CordovaLib.xcodeproj */;
			proxyType = 2;
			remoteGlobalIDString = D2AAC07E0554694100DB518D;
			remoteInfo = CordovaLib;
		};
		301BF550109A68C00062928A /* PBXContainerItemProxy */ = {
			isa = PBXContainerItemProxy;
			containerPortal = 301BF52D109A57CC0062928A /* CordovaLib.xcodeproj */;
			proxyType = 1;
			remoteGlobalIDString = D2AAC07D0554694100DB518D;
			remoteInfo = CordovaLib;
		};
		907D8123214C687600058A10 /* PBXContainerItemProxy */ = {
			isa = PBXContainerItemProxy;
			containerPortal = 301BF52D109A57CC0062928A /* CordovaLib.xcodeproj */;
			proxyType = 2;
			remoteGlobalIDString = C0C01EB21E3911D50056E6CB;
			remoteInfo = Cordova;
		};
/* End PBXContainerItemProxy section */

/* Begin PBXFileReference section */
		0207DA571B56EA530066E2B4 /* Images.xcassets */ = {isa = PBXFileReference; lastKnownFileType = folder.assetcatalog; name = Images.xcassets; path = "HelloCordova/Images.xcassets"; sourceTree = SOURCE_ROOT; };
		1D3623240D0F684500981E51 /* AppDelegate.h */ = {isa = PBXFileReference; fileEncoding = 4; lastKnownFileType = sourcecode.c.h; path = AppDelegate.h; sourceTree = "<group>"; };
		1D3623250D0F684500981E51 /* AppDelegate.m */ = {isa = PBXFileReference; fileEncoding = 4; lastKnownFileType = sourcecode.c.objc; path = AppDelegate.m; sourceTree = "<group>"; };
		1D6058910D05DD3D006BFB54 /* HelloCordova.app */ = {isa = PBXFileReference; explicitFileType = wrapper.application; includeInIndex = 0; path = "HelloCordova.app"; sourceTree = BUILT_PRODUCTS_DIR; };
		29B97316FDCFA39411CA2CEA /* main.m */ = {isa = PBXFileReference; fileEncoding = 4; lastKnownFileType = sourcecode.c.objc; path = main.m; sourceTree = "<group>"; };
		301BF52D109A57CC0062928A /* CordovaLib.xcodeproj */ = {isa = PBXFileReference; lastKnownFileType = "wrapper.pb-project"; path = CordovaLib/CordovaLib.xcodeproj; sourceTree = "<group>"; };
		301BF56E109A69640062928A /* www */ = {isa = PBXFileReference; lastKnownFileType = folder; path = www; sourceTree = SOURCE_ROOT; };
		302D95EE14D2391D003F00A1 /* MainViewController.h */ = {isa = PBXFileReference; fileEncoding = 4; lastKnownFileType = sourcecode.c.h; path = MainViewController.h; sourceTree = "<group>"; };
		302D95EF14D2391D003F00A1 /* MainViewController.m */ = {isa = PBXFileReference; fileEncoding = 4; lastKnownFileType = sourcecode.c.objc; path = MainViewController.m; sourceTree = "<group>"; };
		302D95F014D2391D003F00A1 /* MainViewController.xib */ = {isa = PBXFileReference; fileEncoding = 4; lastKnownFileType = file.xib; path = MainViewController.xib; sourceTree = "<group>"; };
		3047A50F1AB8059700498E2A /* build-debug.xcconfig */ = {isa = PBXFileReference; fileEncoding = 4; lastKnownFileType = text.xcconfig; name = "build-debug.xcconfig"; path = "cordova/build-debug.xcconfig"; sourceTree = SOURCE_ROOT; };
		3047A5101AB8059700498E2A /* build-release.xcconfig */ = {isa = PBXFileReference; fileEncoding = 4; lastKnownFileType = text.xcconfig; name = "build-release.xcconfig"; path = "cordova/build-release.xcconfig"; sourceTree = SOURCE_ROOT; };
		3047A5111AB8059700498E2A /* build.xcconfig */ = {isa = PBXFileReference; fileEncoding = 4; lastKnownFileType = text.xcconfig; name = build.xcconfig; path = cordova/build.xcconfig; sourceTree = SOURCE_ROOT; };
		32CA4F630368D1EE00C91783 /* HelloCordova-Prefix.pch */ = {isa = PBXFileReference; fileEncoding = 4; lastKnownFileType = sourcecode.c.h; path = "HelloCordova-Prefix.pch"; sourceTree = "<group>"; };
		6AFF5BF81D6E424B00AB3073 /* CDVLaunchScreen.storyboard */ = {isa = PBXFileReference; fileEncoding = 4; lastKnownFileType = file.storyboard; name = CDVLaunchScreen.storyboard; path = "HelloCordova/CDVLaunchScreen.storyboard"; sourceTree = SOURCE_ROOT; };
		8D1107310486CEB800E47090 /* HelloCordova-Info.plist */ = {isa = PBXFileReference; fileEncoding = 4; lastKnownFileType = text.plist.xml; name = "HelloCordova-Info.plist"; path = "HelloCordova/HelloCordova-Info.plist"; plistStructureDefinitionIdentifier = "com.apple.xcode.plist.structure-definition.iphone.info-plist"; sourceTree = SOURCE_ROOT; };
		EB87FDF31871DA8E0020F90C /* www */ = {isa = PBXFileReference; lastKnownFileType = folder; name = www; path = ../../www; sourceTree = "<group>"; };
		EB87FDF41871DAF40020F90C /* config.xml */ = {isa = PBXFileReference; lastKnownFileType = text.xml; name = config.xml; path = ../../config.xml; sourceTree = "<group>"; };
		ED33DF2A687741AEAF9F8254 /* Bridging-Header.h */ = {isa = PBXFileReference; fileEncoding = 4; lastKnownFileType = sourcecode.c.h; name = "Bridging-Header.h"; path = "Bridging-Header.h"; sourceTree = "<group>"; };
		F840E1F0165FE0F500CFE078 /* config.xml */ = {isa = PBXFileReference; lastKnownFileType = text.xml; name = config.xml; path = "HelloCordova/config.xml"; sourceTree = "<group>"; };
		C0592964777148C4BF89DC78 /* CDVFile.m */ = {isa = PBXFileReference; name = "CDVFile.m"; path = "cordova-plugin-file/CDVFile.m"; sourceTree = "<group>"; fileEncoding = 4; lastKnownFileType = sourcecode.c.objc; explicitFileType = undefined; includeInIndex = 0; };
		8A177034F7E74236B2B01E5B /* CDVLocalFilesystem.m */ = {isa = PBXFileReference; name = "CDVLocalFilesystem.m"; path = "cordova-plugin-file/CDVLocalFilesystem.m"; sourceTree = "<group>"; fileEncoding = 4; lastKnownFileType = sourcecode.c.objc; explicitFileType = undefined; includeInIndex = 0; };
		B89DE5F18DD34BAC9300989C /* CDVAssetLibraryFilesystem.m */ = {isa = PBXFileReference; name = "CDVAssetLibraryFilesystem.m"; path = "cordova-plugin-file/CDVAssetLibraryFilesystem.m"; sourceTree = "<group>"; fileEncoding = 4; lastKnownFileType = sourcecode.c.objc; explicitFileType = undefined; includeInIndex = 0; };
		90590C4CBC2C4D67B953D73F /* CDVFile.h */ = {isa = PBXFileReference; name = "CDVFile.h"; path = "cordova-plugin-file/CDVFile.h"; sourceTree = "<group>"; fileEncoding = 4; lastKnownFileType = sourcecode.c.h; explicitFileType = undefined; includeInIndex = 0; };
		F32BD141CC744F6E83DBCE60 /* CDVLocalFilesystem.h */ = {isa = PBXFileReference; name = "CDVLocalFilesystem.h"; path = "cordova-plugin-file/CDVLocalFilesystem.h"; sourceTree = "<group>"; fileEncoding = 4; lastKnownFileType = sourcecode.c.h; explicitFileType = undefined; includeInIndex = 0; };
		3E8990E6A6ED43A08E485423 /* CDVAssetLibraryFilesystem.h */ = {isa = PBXFileReference; name = "CDVAssetLibraryFilesystem.h"; path = "cordova-plugin-file/CDVAssetLibraryFilesystem.h"; sourceTree = "<group>"; fileEncoding = 4; lastKnownFileType = sourcecode.c.h; explicitFileType = undefined; includeInIndex = 0; };
		73D860BEC73148C2B50EF000 /* CDVStatusBar.m */ = {isa = PBXFileReference; name = "CDVStatusBar.m"; path = "cordova-plugin-statusbar/CDVStatusBar.m"; sourceTree = "<group>"; fileEncoding = 4; lastKnownFileType = sourcecode.c.objc; explicitFileType = undefined; includeInIndex = 0; };
		484CDF3EF042452C9986C1CA /* CDVStatusBar.h */ = {isa = PBXFileReference; name = "CDVStatusBar.h"; path = "cordova-plugin-statusbar/CDVStatusBar.h"; sourceTree = "<group>"; fileEncoding = 4; lastKnownFileType = sourcecode.c.h; explicitFileType = undefined; includeInIndex = 0; };
		9250F3965E574A4EA373343A /* CorHttpd.m */ = {isa = PBXFileReference; name = "CorHttpd.m"; path = "com.rjfun.cordova.httpd/CorHttpd.m"; sourceTree = "<group>"; fileEncoding = 4; lastKnownFileType = sourcecode.c.objc; explicitFileType = undefined; includeInIndex = 0; };
		A379C429B7F443C2BEE15267 /* HTTPServer.m */ = {isa = PBXFileReference; name = "HTTPServer.m"; path = "com.rjfun.cordova.httpd/HTTPServer.m"; sourceTree = "<group>"; fileEncoding = 4; lastKnownFileType = sourcecode.c.objc; explicitFileType = undefined; includeInIndex = 0; };
		359C26D8E4CA4A06BC9A2799 /* WebSocket.m */ = {isa = PBXFileReference; name = "WebSocket.m"; path = "com.rjfun.cordova.httpd/WebSocket.m"; sourceTree = "<group>"; fileEncoding = 4; lastKnownFileType = sourcecode.c.objc; explicitFileType = undefined; includeInIndex = 0; };
		72EBCF8542CB446BB6187BF7 /* HTTPMessage.m */ = {isa = PBXFileReference; name = "HTTPMessage.m"; path = "com.rjfun.cordova.httpd/HTTPMessage.m"; sourceTree = "<group>"; fileEncoding = 4; lastKnownFileType = sourcecode.c.objc; explicitFileType = undefined; includeInIndex = 0; };
		62EA82A88709425891348067 /* HTTPAuthenticationRequest.m */ = {isa = PBXFileReference; name = "HTTPAuthenticationRequest.m"; path = "com.rjfun.cordova.httpd/HTTPAuthenticationRequest.m"; sourceTree = "<group>"; fileEncoding = 4; lastKnownFileType = sourcecode.c.objc; explicitFileType = undefined; includeInIndex = 0; };
		93F0DF8B933A4D7990E98A70 /* HTTPConnection.m */ = {isa = PBXFileReference; name = "HTTPConnection.m"; path = "com.rjfun.cordova.httpd/HTTPConnection.m"; sourceTree = "<group>"; fileEncoding = 4; lastKnownFileType = sourcecode.c.objc; explicitFileType = undefined; includeInIndex = 0; };
		EADCE55B4F074D76AC7060F0 /* HTTPAsyncFileResponse.m */ = {isa = PBXFileReference; name = "HTTPAsyncFileResponse.m"; path = "com.rjfun.cordova.httpd/HTTPAsyncFileResponse.m"; sourceTree = "<group>"; fileEncoding = 4; lastKnownFileType = sourcecode.c.objc; explicitFileType = undefined; includeInIndex = 0; };
		94DCA67834DB4B198E69C3A1 /* HTTPErrorResponse.m */ = {isa = PBXFileReference; name = "HTTPErrorResponse.m"; path = "com.rjfun.cordova.httpd/HTTPErrorResponse.m"; sourceTree = "<group>"; fileEncoding = 4; lastKnownFileType = sourcecode.c.objc; explicitFileType = undefined; includeInIndex = 0; };
		F9CF62054ED9493E913A2AC5 /* HTTPDynamicFileResponse.m */ = {isa = PBXFileReference; name = "HTTPDynamicFileResponse.m"; path = "com.rjfun.cordova.httpd/HTTPDynamicFileResponse.m"; sourceTree = "<group>"; fileEncoding = 4; lastKnownFileType = sourcecode.c.objc; explicitFileType = undefined; includeInIndex = 0; };
		9F846C0397AD4169A10BF0D6 /* HTTPRedirectResponse.m */ = {isa = PBXFileReference; name = "HTTPRedirectResponse.m"; path = "com.rjfun.cordova.httpd/HTTPRedirectResponse.m"; sourceTree = "<group>"; fileEncoding = 4; lastKnownFileType = sourcecode.c.objc; explicitFileType = undefined; includeInIndex = 0; };
		A7D865775F6E45DC986E0C06 /* HTTPFileResponse.m */ = {isa = PBXFileReference; name = "HTTPFileResponse.m"; path = "com.rjfun.cordova.httpd/HTTPFileResponse.m"; sourceTree = "<group>"; fileEncoding = 4; lastKnownFileType = sourcecode.c.objc; explicitFileType = undefined; includeInIndex = 0; };
		13B5398787FE4FB89B3F5935 /* HTTPDataResponse.m */ = {isa = PBXFileReference; name = "HTTPDataResponse.m"; path = "com.rjfun.cordova.httpd/HTTPDataResponse.m"; sourceTree = "<group>"; fileEncoding = 4; lastKnownFileType = sourcecode.c.objc; explicitFileType = undefined; includeInIndex = 0; };
		B9813904BE7E4D40BA7C33F0 /* MultipartFormDataParser.m */ = {isa = PBXFileReference; name = "MultipartFormDataParser.m"; path = "com.rjfun.cordova.httpd/MultipartFormDataParser.m"; sourceTree = "<group>"; fileEncoding = 4; lastKnownFileType = sourcecode.c.objc; explicitFileType = undefined; includeInIndex = 0; };
		AFCC9069DCE541568B1B323C /* MultipartMessageHeader.m */ = {isa = PBXFileReference; name = "MultipartMessageHeader.m"; path = "com.rjfun.cordova.httpd/MultipartMessageHeader.m"; sourceTree = "<group>"; fileEncoding = 4; lastKnownFileType = sourcecode.c.objc; explicitFileType = undefined; includeInIndex = 0; };
		0152660512A747A4B34277F1 /* MultipartMessageHeaderField.m */ = {isa = PBXFileReference; name = "MultipartMessageHeaderField.m"; path = "com.rjfun.cordova.httpd/MultipartMessageHeaderField.m"; sourceTree = "<group>"; fileEncoding = 4; lastKnownFileType = sourcecode.c.objc; explicitFileType = undefined; includeInIndex = 0; };
		849C6F052FAB49B2882DA016 /* DDData.m */ = {isa = PBXFileReference; name = "DDData.m"; path = "com.rjfun.cordova.httpd/DDData.m"; sourceTree = "<group>"; fileEncoding = 4; lastKnownFileType = sourcecode.c.objc; explicitFileType = undefined; includeInIndex = 0; };
		AE4C9AD7332541FEBC40C7FA /* DDNumber.m */ = {isa = PBXFileReference; name = "DDNumber.m"; path = "com.rjfun.cordova.httpd/DDNumber.m"; sourceTree = "<group>"; fileEncoding = 4; lastKnownFileType = sourcecode.c.objc; explicitFileType = undefined; includeInIndex = 0; };
		4D13E1229DD74A17AC2E0E44 /* DDRange.m */ = {isa = PBXFileReference; name = "DDRange.m"; path = "com.rjfun.cordova.httpd/DDRange.m"; sourceTree = "<group>"; fileEncoding = 4; lastKnownFileType = sourcecode.c.objc; explicitFileType = undefined; includeInIndex = 0; };
		660858A779324386A24DEB2D /* GCDAsyncSocket.m */ = {isa = PBXFileReference; name = "GCDAsyncSocket.m"; path = "com.rjfun.cordova.httpd/GCDAsyncSocket.m"; sourceTree = "<group>"; fileEncoding = 4; lastKnownFileType = sourcecode.c.objc; explicitFileType = undefined; includeInIndex = 0; };
		E24D15807D4348CA86C2AB5B /* DDAbstractDatabaseLogger.h */ = {isa = PBXFileReference; name = "DDAbstractDatabaseLogger.h"; path = "com.rjfun.cordova.httpd/DDAbstractDatabaseLogger.h"; sourceTree = "<group>"; fileEncoding = 4; lastKnownFileType = sourcecode.c.h; explicitFileType = undefined; includeInIndex = 0; };
		C570B6D083994FA1AF2677EF /* DDAbstractDatabaseLogger.m */ = {isa = PBXFileReference; name = "DDAbstractDatabaseLogger.m"; path = "com.rjfun.cordova.httpd/DDAbstractDatabaseLogger.m"; sourceTree = "<group>"; fileEncoding = 4; lastKnownFileType = sourcecode.c.objc; explicitFileType = undefined; includeInIndex = 0; };
		61847A35849B42578BC02C20 /* DDFileLogger.m */ = {isa = PBXFileReference; name = "DDFileLogger.m"; path = "com.rjfun.cordova.httpd/DDFileLogger.m"; sourceTree = "<group>"; fileEncoding = 4; lastKnownFileType = sourcecode.c.objc; explicitFileType = undefined; includeInIndex = 0; };
		9DF7B67B3C674C35B033380F /* DDASLLogger.m */ = {isa = PBXFileReference; name = "DDASLLogger.m"; path = "com.rjfun.cordova.httpd/DDASLLogger.m"; sourceTree = "<group>"; fileEncoding = 4; lastKnownFileType = sourcecode.c.objc; explicitFileType = undefined; includeInIndex = 0; };
		19C66D46F11443FAB95FDFAF /* DDTTYLogger.m */ = {isa = PBXFileReference; name = "DDTTYLogger.m"; path = "com.rjfun.cordova.httpd/DDTTYLogger.m"; sourceTree = "<group>"; fileEncoding = 4; lastKnownFileType = sourcecode.c.objc; explicitFileType = undefined; includeInIndex = 0; };
		22B271C5F6D043E0ACDCF9A1 /* DDLog.m */ = {isa = PBXFileReference; name = "DDLog.m"; path = "com.rjfun.cordova.httpd/DDLog.m"; sourceTree = "<group>"; fileEncoding = 4; lastKnownFileType = sourcecode.c.objc; explicitFileType = undefined; includeInIndex = 0; };
		200D1C7D889B484A8ABB06F8 /* ContextFilterLogFormatter.m */ = {isa = PBXFileReference; name = "ContextFilterLogFormatter.m"; path = "com.rjfun.cordova.httpd/ContextFilterLogFormatter.m"; sourceTree = "<group>"; fileEncoding = 4; lastKnownFileType = sourcecode.c.objc; explicitFileType = undefined; includeInIndex = 0; };
		7EA2C25A23134B10829C5E16 /* DispatchQueueLogFormatter.m */ = {isa = PBXFileReference; name = "DispatchQueueLogFormatter.m"; path = "com.rjfun.cordova.httpd/DispatchQueueLogFormatter.m"; sourceTree = "<group>"; fileEncoding = 4; lastKnownFileType = sourcecode.c.objc; explicitFileType = undefined; includeInIndex = 0; };
		EFE1CBB07851459B8C51E79F /* HTTPLogging.h */ = {isa = PBXFileReference; name = "HTTPLogging.h"; path = "com.rjfun.cordova.httpd/HTTPLogging.h"; sourceTree = "<group>"; fileEncoding = 4; lastKnownFileType = sourcecode.c.h; explicitFileType = undefined; includeInIndex = 0; };
		3868D886C6784B7181947EAC /* HTTPServer.h */ = {isa = PBXFileReference; name = "HTTPServer.h"; path = "com.rjfun.cordova.httpd/HTTPServer.h"; sourceTree = "<group>"; fileEncoding = 4; lastKnownFileType = sourcecode.c.h; explicitFileType = undefined; includeInIndex = 0; };
		35179D6BF11D4BE0A37D0B0C /* WebSocket.h */ = {isa = PBXFileReference; name = "WebSocket.h"; path = "com.rjfun.cordova.httpd/WebSocket.h"; sourceTree = "<group>"; fileEncoding = 4; lastKnownFileType = sourcecode.c.h; explicitFileType = undefined; includeInIndex = 0; };
		5FD3C1C8088A4AA49FE08998 /* HTTPMessage.h */ = {isa = PBXFileReference; name = "HTTPMessage.h"; path = "com.rjfun.cordova.httpd/HTTPMessage.h"; sourceTree = "<group>"; fileEncoding = 4; lastKnownFileType = sourcecode.c.h; explicitFileType = undefined; includeInIndex = 0; };
		732B60A347F94B2A949C7906 /* HTTPAuthenticationRequest.h */ = {isa = PBXFileReference; name = "HTTPAuthenticationRequest.h"; path = "com.rjfun.cordova.httpd/HTTPAuthenticationRequest.h"; sourceTree = "<group>"; fileEncoding = 4; lastKnownFileType = sourcecode.c.h; explicitFileType = undefined; includeInIndex = 0; };
		095E34B1446B4CDDA2C30649 /* HTTPConnection.h */ = {isa = PBXFileReference; name = "HTTPConnection.h"; path = "com.rjfun.cordova.httpd/HTTPConnection.h"; sourceTree = "<group>"; fileEncoding = 4; lastKnownFileType = sourcecode.c.h; explicitFileType = undefined; includeInIndex = 0; };
		8C48C106C25B43F49D47900B /* HTTPResponse.h */ = {isa = PBXFileReference; name = "HTTPResponse.h"; path = "com.rjfun.cordova.httpd/HTTPResponse.h"; sourceTree = "<group>"; fileEncoding = 4; lastKnownFileType = sourcecode.c.h; explicitFileType = undefined; includeInIndex = 0; };
		018061A587A8446CAD1ADD09 /* HTTPAsyncFileResponse.h */ = {isa = PBXFileReference; name = "HTTPAsyncFileResponse.h"; path = "com.rjfun.cordova.httpd/HTTPAsyncFileResponse.h"; sourceTree = "<group>"; fileEncoding = 4; lastKnownFileType = sourcecode.c.h; explicitFileType = undefined; includeInIndex = 0; };
		E7AC463D18804460A30A992B /* HTTPErrorResponse.h */ = {isa = PBXFileReference; name = "HTTPErrorResponse.h"; path = "com.rjfun.cordova.httpd/HTTPErrorResponse.h"; sourceTree = "<group>"; fileEncoding = 4; lastKnownFileType = sourcecode.c.h; explicitFileType = undefined; includeInIndex = 0; };
		D74592F76A16422E8830160C /* HTTPDynamicFileResponse.h */ = {isa = PBXFileReference; name = "HTTPDynamicFileResponse.h"; path = "com.rjfun.cordova.httpd/HTTPDynamicFileResponse.h"; sourceTree = "<group>"; fileEncoding = 4; lastKnownFileType = sourcecode.c.h; explicitFileType = undefined; includeInIndex = 0; };
		0D81FFAAAC5B451A8BEDFF65 /* HTTPRedirectResponse.h */ = {isa = PBXFileReference; name = "HTTPRedirectResponse.h"; path = "com.rjfun.cordova.httpd/HTTPRedirectResponse.h"; sourceTree = "<group>"; fileEncoding = 4; lastKnownFileType = sourcecode.c.h; explicitFileType = undefined; includeInIndex = 0; };
		E00C1EA9039043C9983AA98F /* HTTPFileResponse.h */ = {isa = PBXFileReference; name = "HTTPFileResponse.h"; path = "com.rjfun.cordova.httpd/HTTPFileResponse.h"; sourceTree = "<group>"; fileEncoding = 4; lastKnownFileType = sourcecode.c.h; explicitFileType = undefined; includeInIndex = 0; };
		B7C26B6D32994B169D78E14B /* HTTPDataResponse.h */ = {isa = PBXFileReference; name = "HTTPDataResponse.h"; path = "com.rjfun.cordova.httpd/HTTPDataResponse.h"; sourceTree = "<group>"; fileEncoding = 4; lastKnownFileType = sourcecode.c.h; explicitFileType = undefined; includeInIndex = 0; };
		BC0B7B7585674EEE9C6E3A1A /* MultipartFormDataParser.h */ = {isa = PBXFileReference; name = "MultipartFormDataParser.h"; path = "com.rjfun.cordova.httpd/MultipartFormDataParser.h"; sourceTree = "<group>"; fileEncoding = 4; lastKnownFileType = sourcecode.c.h; explicitFileType = undefined; includeInIndex = 0; };
		EED000CC079145228E023F85 /* MultipartMessageHeader.h */ = {isa = PBXFileReference; name = "MultipartMessageHeader.h"; path = "com.rjfun.cordova.httpd/MultipartMessageHeader.h"; sourceTree = "<group>"; fileEncoding = 4; lastKnownFileType = sourcecode.c.h; explicitFileType = undefined; includeInIndex = 0; };
		48252504AAD5418C8CC1C987 /* MultipartMessageHeaderField.h */ = {isa = PBXFileReference; name = "MultipartMessageHeaderField.h"; path = "com.rjfun.cordova.httpd/MultipartMessageHeaderField.h"; sourceTree = "<group>"; fileEncoding = 4; lastKnownFileType = sourcecode.c.h; explicitFileType = undefined; includeInIndex = 0; };
		6B66CA3387634B9F9A6CFB8A /* DDData.h */ = {isa = PBXFileReference; name = "DDData.h"; path = "com.rjfun.cordova.httpd/DDData.h"; sourceTree = "<group>"; fileEncoding = 4; lastKnownFileType = sourcecode.c.h; explicitFileType = undefined; includeInIndex = 0; };
		1BD8B2433CAC47219A0CB4A0 /* DDNumber.h */ = {isa = PBXFileReference; name = "DDNumber.h"; path = "com.rjfun.cordova.httpd/DDNumber.h"; sourceTree = "<group>"; fileEncoding = 4; lastKnownFileType = sourcecode.c.h; explicitFileType = undefined; includeInIndex = 0; };
		017FDBCB7591414585399C02 /* DDRange.h */ = {isa = PBXFileReference; name = "DDRange.h"; path = "com.rjfun.cordova.httpd/DDRange.h"; sourceTree = "<group>"; fileEncoding = 4; lastKnownFileType = sourcecode.c.h; explicitFileType = undefined; includeInIndex = 0; };
		ED7CF23A883D4AB6B32FB6FE /* GCDAsyncSocket.h */ = {isa = PBXFileReference; name = "GCDAsyncSocket.h"; path = "com.rjfun.cordova.httpd/GCDAsyncSocket.h"; sourceTree = "<group>"; fileEncoding = 4; lastKnownFileType = sourcecode.c.h; explicitFileType = undefined; includeInIndex = 0; };
		57BB371D2C764E038EB263EA /* DDFileLogger.h */ = {isa = PBXFileReference; name = "DDFileLogger.h"; path = "com.rjfun.cordova.httpd/DDFileLogger.h"; sourceTree = "<group>"; fileEncoding = 4; lastKnownFileType = sourcecode.c.h; explicitFileType = undefined; includeInIndex = 0; };
		467554C46554452AB9004F66 /* DDASLLogger.h */ = {isa = PBXFileReference; name = "DDASLLogger.h"; path = "com.rjfun.cordova.httpd/DDASLLogger.h"; sourceTree = "<group>"; fileEncoding = 4; lastKnownFileType = sourcecode.c.h; explicitFileType = undefined; includeInIndex = 0; };
		A65468DF180042D3AC2837D2 /* DDTTYLogger.h */ = {isa = PBXFileReference; name = "DDTTYLogger.h"; path = "com.rjfun.cordova.httpd/DDTTYLogger.h"; sourceTree = "<group>"; fileEncoding = 4; lastKnownFileType = sourcecode.c.h; explicitFileType = undefined; includeInIndex = 0; };
		834523EDFB5C41B2B81D11BB /* DDLog.h */ = {isa = PBXFileReference; name = "DDLog.h"; path = "com.rjfun.cordova.httpd/DDLog.h"; sourceTree = "<group>"; fileEncoding = 4; lastKnownFileType = sourcecode.c.h; explicitFileType = undefined; includeInIndex = 0; };
		32E6C8B51AC34CC08D5EFB14 /* ContextFilterLogFormatter.h */ = {isa = PBXFileReference; name = "ContextFilterLogFormatter.h"; path = "com.rjfun.cordova.httpd/ContextFilterLogFormatter.h"; sourceTree = "<group>"; fileEncoding = 4; lastKnownFileType = sourcecode.c.h; explicitFileType = undefined; includeInIndex = 0; };
		739DC8E4F6304730B9F65271 /* DispatchQueueLogFormatter.h */ = {isa = PBXFileReference; name = "DispatchQueueLogFormatter.h"; path = "com.rjfun.cordova.httpd/DispatchQueueLogFormatter.h"; sourceTree = "<group>"; fileEncoding = 4; lastKnownFileType = sourcecode.c.h; explicitFileType = undefined; includeInIndex = 0; };
		E8775C8967A9485CBBC2CBE0 /* CFNetwork.framework */ = {isa = PBXFileReference; name = "CFNetwork.framework"; path = "System/Library/Frameworks/CFNetwork.framework"; sourceTree = SDKROOT; fileEncoding = undefined; lastKnownFileType = wrapper.framework; explicitFileType = undefined; includeInIndex = 0; };
		052E1A8133E249ECA070E820 /* Foundation.framework */ = {isa = PBXFileReference; name = "Foundation.framework"; path = "System/Library/Frameworks/Foundation.framework"; sourceTree = SDKROOT; fileEncoding = undefined; lastKnownFileType = wrapper.framework; explicitFileType = undefined; includeInIndex = 0; };
		303A0360FB1140A2BF623DC4 /* Security.framework */ = {isa = PBXFileReference; name = "Security.framework"; path = "System/Library/Frameworks/Security.framework"; sourceTree = SDKROOT; fileEncoding = undefined; lastKnownFileType = wrapper.framework; explicitFileType = undefined; includeInIndex = 0; };
		DEDAF396A0AA45838CD71678 /* CordovaHttpPlugin.m */ = {isa = PBXFileReference; name = "CordovaHttpPlugin.m"; path = "cordova-plugin-advanced-http/CordovaHttpPlugin.m"; sourceTree = "<group>"; fileEncoding = 4; lastKnownFileType = sourcecode.c.objc; explicitFileType = undefined; includeInIndex = 0; };
		9CD953D79EFA42039F72B4BF /* BinaryResponseSerializer.m */ = {isa = PBXFileReference; name = "BinaryResponseSerializer.m"; path = "cordova-plugin-advanced-http/BinaryResponseSerializer.m"; sourceTree = "<group>"; fileEncoding = 4; lastKnownFileType = sourcecode.c.objc; explicitFileType = undefined; includeInIndex = 0; };
		E97C3D5C4A54425BB2DB5195 /* TextResponseSerializer.m */ = {isa = PBXFileReference; name = "TextResponseSerializer.m"; path = "cordova-plugin-advanced-http/TextResponseSerializer.m"; sourceTree = "<group>"; fileEncoding = 4; lastKnownFileType = sourcecode.c.objc; explicitFileType = undefined; includeInIndex = 0; };
		30B0EF32FCE3491197A611A8 /* TextRequestSerializer.m */ = {isa = PBXFileReference; name = "TextRequestSerializer.m"; path = "cordova-plugin-advanced-http/TextRequestSerializer.m"; sourceTree = "<group>"; fileEncoding = 4; lastKnownFileType = sourcecode.c.objc; explicitFileType = undefined; includeInIndex = 0; };
		519FD31EC22948FCA02E41ED /* AFHTTPSessionManager.m */ = {isa = PBXFileReference; name = "AFHTTPSessionManager.m"; path = "cordova-plugin-advanced-http/AFHTTPSessionManager.m"; sourceTree = "<group>"; fileEncoding = 4; lastKnownFileType = sourcecode.c.objc; explicitFileType = undefined; includeInIndex = 0; };
		6DC22B3384BB47D5BB77E341 /* AFNetworkReachabilityManager.m */ = {isa = PBXFileReference; name = "AFNetworkReachabilityManager.m"; path = "cordova-plugin-advanced-http/AFNetworkReachabilityManager.m"; sourceTree = "<group>"; fileEncoding = 4; lastKnownFileType = sourcecode.c.objc; explicitFileType = undefined; includeInIndex = 0; };
		F9DE4DC9563941AAAF844A97 /* AFSecurityPolicy.m */ = {isa = PBXFileReference; name = "AFSecurityPolicy.m"; path = "cordova-plugin-advanced-http/AFSecurityPolicy.m"; sourceTree = "<group>"; fileEncoding = 4; lastKnownFileType = sourcecode.c.objc; explicitFileType = undefined; includeInIndex = 0; };
		D13906D8F4D840BB91D1E111 /* AFURLRequestSerialization.m */ = {isa = PBXFileReference; name = "AFURLRequestSerialization.m"; path = "cordova-plugin-advanced-http/AFURLRequestSerialization.m"; sourceTree = "<group>"; fileEncoding = 4; lastKnownFileType = sourcecode.c.objc; explicitFileType = undefined; includeInIndex = 0; };
		52AB57C1EC824240BBC9C318 /* AFURLResponseSerialization.m */ = {isa = PBXFileReference; name = "AFURLResponseSerialization.m"; path = "cordova-plugin-advanced-http/AFURLResponseSerialization.m"; sourceTree = "<group>"; fileEncoding = 4; lastKnownFileType = sourcecode.c.objc; explicitFileType = undefined; includeInIndex = 0; };
		3BD02D02F1D4443090E8E64E /* AFURLSessionManager.m */ = {isa = PBXFileReference; name = "AFURLSessionManager.m"; path = "cordova-plugin-advanced-http/AFURLSessionManager.m"; sourceTree = "<group>"; fileEncoding = 4; lastKnownFileType = sourcecode.c.objc; explicitFileType = undefined; includeInIndex = 0; };
		A88B0AFF5B67425795545EA0 /* SDNetworkActivityIndicator.m */ = {isa = PBXFileReference; name = "SDNetworkActivityIndicator.m"; path = "cordova-plugin-advanced-http/SDNetworkActivityIndicator.m"; sourceTree = "<group>"; fileEncoding = 4; lastKnownFileType = sourcecode.c.objc; explicitFileType = undefined; includeInIndex = 0; };
		8D8D4F3DB0BD4F6195312AA2 /* CordovaHttpPlugin.h */ = {isa = PBXFileReference; name = "CordovaHttpPlugin.h"; path = "cordova-plugin-advanced-http/CordovaHttpPlugin.h"; sourceTree = "<group>"; fileEncoding = 4; lastKnownFileType = sourcecode.c.h; explicitFileType = undefined; includeInIndex = 0; };
		47C0FAAE8AB14514B0EF8FEF /* BinaryResponseSerializer.h */ = {isa = PBXFileReference; name = "BinaryResponseSerializer.h"; path = "cordova-plugin-advanced-http/BinaryResponseSerializer.h"; sourceTree = "<group>"; fileEncoding = 4; lastKnownFileType = sourcecode.c.h; explicitFileType = undefined; includeInIndex = 0; };
		F2383BD7A91E45699687BB5A /* TextResponseSerializer.h */ = {isa = PBXFileReference; name = "TextResponseSerializer.h"; path = "cordova-plugin-advanced-http/TextResponseSerializer.h"; sourceTree = "<group>"; fileEncoding = 4; lastKnownFileType = sourcecode.c.h; explicitFileType = undefined; includeInIndex = 0; };
		79A26407F59448B1B75B2CBE /* TextRequestSerializer.h */ = {isa = PBXFileReference; name = "TextRequestSerializer.h"; path = "cordova-plugin-advanced-http/TextRequestSerializer.h"; sourceTree = "<group>"; fileEncoding = 4; lastKnownFileType = sourcecode.c.h; explicitFileType = undefined; includeInIndex = 0; };
		9E804F50443049C2B96F7DAB /* AFHTTPSessionManager.h */ = {isa = PBXFileReference; name = "AFHTTPSessionManager.h"; path = "cordova-plugin-advanced-http/AFHTTPSessionManager.h"; sourceTree = "<group>"; fileEncoding = 4; lastKnownFileType = sourcecode.c.h; explicitFileType = undefined; includeInIndex = 0; };
		8B2272EB55E444279223BB0F /* AFNetworking.h */ = {isa = PBXFileReference; name = "AFNetworking.h"; path = "cordova-plugin-advanced-http/AFNetworking.h"; sourceTree = "<group>"; fileEncoding = 4; lastKnownFileType = sourcecode.c.h; explicitFileType = undefined; includeInIndex = 0; };
		65CB04D276BA4F5794294AD7 /* AFNetworkReachabilityManager.h */ = {isa = PBXFileReference; name = "AFNetworkReachabilityManager.h"; path = "cordova-plugin-advanced-http/AFNetworkReachabilityManager.h"; sourceTree = "<group>"; fileEncoding = 4; lastKnownFileType = sourcecode.c.h; explicitFileType = undefined; includeInIndex = 0; };
		1BCE9DDB303840D4ACDB3A05 /* AFSecurityPolicy.h */ = {isa = PBXFileReference; name = "AFSecurityPolicy.h"; path = "cordova-plugin-advanced-http/AFSecurityPolicy.h"; sourceTree = "<group>"; fileEncoding = 4; lastKnownFileType = sourcecode.c.h; explicitFileType = undefined; includeInIndex = 0; };
		E501A6C54D3D4630A5760685 /* AFURLRequestSerialization.h */ = {isa = PBXFileReference; name = "AFURLRequestSerialization.h"; path = "cordova-plugin-advanced-http/AFURLRequestSerialization.h"; sourceTree = "<group>"; fileEncoding = 4; lastKnownFileType = sourcecode.c.h; explicitFileType = undefined; includeInIndex = 0; };
		92410970EE3341CEA38402E8 /* AFURLResponseSerialization.h */ = {isa = PBXFileReference; name = "AFURLResponseSerialization.h"; path = "cordova-plugin-advanced-http/AFURLResponseSerialization.h"; sourceTree = "<group>"; fileEncoding = 4; lastKnownFileType = sourcecode.c.h; explicitFileType = undefined; includeInIndex = 0; };
		527E784BECAF4AE1940B4960 /* AFURLSessionManager.h */ = {isa = PBXFileReference; name = "AFURLSessionManager.h"; path = "cordova-plugin-advanced-http/AFURLSessionManager.h"; sourceTree = "<group>"; fileEncoding = 4; lastKnownFileType = sourcecode.c.h; explicitFileType = undefined; includeInIndex = 0; };
		5F0FCF9FD3944EA39B62DBCE /* SDNetworkActivityIndicator.h */ = {isa = PBXFileReference; name = "SDNetworkActivityIndicator.h"; path = "cordova-plugin-advanced-http/SDNetworkActivityIndicator.h"; sourceTree = "<group>"; fileEncoding = 4; lastKnownFileType = sourcecode.c.h; explicitFileType = undefined; includeInIndex = 0; };
		286FEEB1D19A4084B6E4AD3D /* SystemConfiguration.framework */ = {isa = PBXFileReference; name = "SystemConfiguration.framework"; path = "System/Library/Frameworks/SystemConfiguration.framework"; sourceTree = SDKROOT; fileEncoding = undefined; lastKnownFileType = wrapper.framework; explicitFileType = undefined; includeInIndex = 0; };
/* End PBXFileReference section */

/* Begin PBXFrameworksBuildPhase section */
		1D60588F0D05DD3D006BFB54 /* Frameworks */ = {
			isa = PBXFrameworksBuildPhase;
			buildActionMask = 2147483647;
			files = (
				301BF552109A68D80062928A /* libCordova.a in Frameworks */,
				83A708A6B34D48468D59A758 /* CFNetwork.framework in Frameworks */,
				C7E0FC20FE0D44CABC89C38B /* Foundation.framework in Frameworks */,
				8CE52F768F9349C39DF45B01 /* Security.framework in Frameworks */,
				0DC9F0B692774DFBACA08FF7 /* SystemConfiguration.framework in Frameworks */,
			);
			runOnlyForDeploymentPostprocessing = 0;
		};
/* End PBXFrameworksBuildPhase section */

/* Begin PBXGroup section */
		080E96DDFE201D6D7F000001 /* Classes */ = {
			isa = PBXGroup;
			children = (
				302D95EE14D2391D003F00A1 /* MainViewController.h */,
				302D95EF14D2391D003F00A1 /* MainViewController.m */,
				302D95F014D2391D003F00A1 /* MainViewController.xib */,
				1D3623240D0F684500981E51 /* AppDelegate.h */,
				1D3623250D0F684500981E51 /* AppDelegate.m */,
			);
			name = Classes;
			path = "HelloCordova/Classes";
			sourceTree = SOURCE_ROOT;
		};
		19C28FACFE9D520D11CA2CBB /* Products */ = {
			isa = PBXGroup;
			children = (
				1D6058910D05DD3D006BFB54 /* HelloCordova.app */,
			);
			name = Products;
			sourceTree = "<group>";
		};
		29B97314FDCFA39411CA2CEA /* CustomTemplate */ = {
			isa = PBXGroup;
			children = (
				EB87FDF41871DAF40020F90C /* config.xml */,
				EB87FDF31871DA8E0020F90C /* www */,
				EB87FDF11871DA420020F90C /* Staging */,
				301BF52D109A57CC0062928A /* CordovaLib.xcodeproj */,
				080E96DDFE201D6D7F000001 /* Classes */,
				307C750510C5A3420062BCA9 /* Plugins */,
				29B97315FDCFA39411CA2CEA /* Other Sources */,
				29B97317FDCFA39411CA2CEA /* Resources */,
				29B97323FDCFA39411CA2CEA /* Frameworks */,
				19C28FACFE9D520D11CA2CBB /* Products */,
			);
			name = CustomTemplate;
			sourceTree = "<group>";
		};
		29B97315FDCFA39411CA2CEA /* Other Sources */ = {
			isa = PBXGroup;
			children = (
				32CA4F630368D1EE00C91783 /* HelloCordova-Prefix.pch */,
				29B97316FDCFA39411CA2CEA /* main.m */,
				ED33DF2A687741AEAF9F8254 /* Bridging-Header.h */,
			);
			name = "Other Sources";
			path = "HelloCordova";
			sourceTree = "<group>";
		};
		29B97317FDCFA39411CA2CEA /* Resources */ = {
			isa = PBXGroup;
			children = (
				0207DA571B56EA530066E2B4 /* Images.xcassets */,
				3047A50E1AB8057F00498E2A /* config */,
				8D1107310486CEB800E47090 /* HelloCordova-Info.plist */,
				6AFF5BF81D6E424B00AB3073 /* CDVLaunchScreen.storyboard */,
			);
			name = Resources;
			path = "HelloCordova/Resources";
			sourceTree = "<group>";
		};
		29B97323FDCFA39411CA2CEA /* Frameworks */ = {
			isa = PBXGroup;
			children = (
				E8775C8967A9485CBBC2CBE0 /* CFNetwork.framework */,
				052E1A8133E249ECA070E820 /* Foundation.framework */,
				303A0360FB1140A2BF623DC4 /* Security.framework */,
				286FEEB1D19A4084B6E4AD3D /* SystemConfiguration.framework */,
			);
			name = Frameworks;
			sourceTree = "<group>";
		};
		301BF52E109A57CC0062928A /* Products */ = {
			isa = PBXGroup;
			children = (
				301BF535109A57CC0062928A /* libCordova.a */,
				907D8124214C687600058A10 /* Cordova.framework */,
			);
			name = Products;
			sourceTree = "<group>";
		};
		3047A50E1AB8057F00498E2A /* config */ = {
			isa = PBXGroup;
			children = (
				3047A50F1AB8059700498E2A /* build-debug.xcconfig */,
				3047A5101AB8059700498E2A /* build-release.xcconfig */,
				3047A5111AB8059700498E2A /* build.xcconfig */,
			);
			name = config;
			sourceTree = "<group>";
		};
		307C750510C5A3420062BCA9 /* Plugins */ = {
			isa = PBXGroup;
			children = (
				C0592964777148C4BF89DC78 /* CDVFile.m */,
				8A177034F7E74236B2B01E5B /* CDVLocalFilesystem.m */,
				B89DE5F18DD34BAC9300989C /* CDVAssetLibraryFilesystem.m */,
				90590C4CBC2C4D67B953D73F /* CDVFile.h */,
				F32BD141CC744F6E83DBCE60 /* CDVLocalFilesystem.h */,
				3E8990E6A6ED43A08E485423 /* CDVAssetLibraryFilesystem.h */,
				73D860BEC73148C2B50EF000 /* CDVStatusBar.m */,
				484CDF3EF042452C9986C1CA /* CDVStatusBar.h */,
				9250F3965E574A4EA373343A /* CorHttpd.m */,
				A379C429B7F443C2BEE15267 /* HTTPServer.m */,
				359C26D8E4CA4A06BC9A2799 /* WebSocket.m */,
				72EBCF8542CB446BB6187BF7 /* HTTPMessage.m */,
				62EA82A88709425891348067 /* HTTPAuthenticationRequest.m */,
				93F0DF8B933A4D7990E98A70 /* HTTPConnection.m */,
				EADCE55B4F074D76AC7060F0 /* HTTPAsyncFileResponse.m */,
				94DCA67834DB4B198E69C3A1 /* HTTPErrorResponse.m */,
				F9CF62054ED9493E913A2AC5 /* HTTPDynamicFileResponse.m */,
				9F846C0397AD4169A10BF0D6 /* HTTPRedirectResponse.m */,
				A7D865775F6E45DC986E0C06 /* HTTPFileResponse.m */,
				13B5398787FE4FB89B3F5935 /* HTTPDataResponse.m */,
				B9813904BE7E4D40BA7C33F0 /* MultipartFormDataParser.m */,
				AFCC9069DCE541568B1B323C /* MultipartMessageHeader.m */,
				0152660512A747A4B34277F1 /* MultipartMessageHeaderField.m */,
				849C6F052FAB49B2882DA016 /* DDData.m */,
				AE4C9AD7332541FEBC40C7FA /* DDNumber.m */,
				4D13E1229DD74A17AC2E0E44 /* DDRange.m */,
				660858A779324386A24DEB2D /* GCDAsyncSocket.m */,
				E24D15807D4348CA86C2AB5B /* DDAbstractDatabaseLogger.h */,
				C570B6D083994FA1AF2677EF /* DDAbstractDatabaseLogger.m */,
				61847A35849B42578BC02C20 /* DDFileLogger.m */,
				9DF7B67B3C674C35B033380F /* DDASLLogger.m */,
				19C66D46F11443FAB95FDFAF /* DDTTYLogger.m */,
				22B271C5F6D043E0ACDCF9A1 /* DDLog.m */,
				200D1C7D889B484A8ABB06F8 /* ContextFilterLogFormatter.m */,
				7EA2C25A23134B10829C5E16 /* DispatchQueueLogFormatter.m */,
				EFE1CBB07851459B8C51E79F /* HTTPLogging.h */,
				3868D886C6784B7181947EAC /* HTTPServer.h */,
				35179D6BF11D4BE0A37D0B0C /* WebSocket.h */,
				5FD3C1C8088A4AA49FE08998 /* HTTPMessage.h */,
				732B60A347F94B2A949C7906 /* HTTPAuthenticationRequest.h */,
				095E34B1446B4CDDA2C30649 /* HTTPConnection.h */,
				8C48C106C25B43F49D47900B /* HTTPResponse.h */,
				018061A587A8446CAD1ADD09 /* HTTPAsyncFileResponse.h */,
				E7AC463D18804460A30A992B /* HTTPErrorResponse.h */,
				D74592F76A16422E8830160C /* HTTPDynamicFileResponse.h */,
				0D81FFAAAC5B451A8BEDFF65 /* HTTPRedirectResponse.h */,
				E00C1EA9039043C9983AA98F /* HTTPFileResponse.h */,
				B7C26B6D32994B169D78E14B /* HTTPDataResponse.h */,
				BC0B7B7585674EEE9C6E3A1A /* MultipartFormDataParser.h */,
				EED000CC079145228E023F85 /* MultipartMessageHeader.h */,
				48252504AAD5418C8CC1C987 /* MultipartMessageHeaderField.h */,
				6B66CA3387634B9F9A6CFB8A /* DDData.h */,
				1BD8B2433CAC47219A0CB4A0 /* DDNumber.h */,
				017FDBCB7591414585399C02 /* DDRange.h */,
				ED7CF23A883D4AB6B32FB6FE /* GCDAsyncSocket.h */,
				57BB371D2C764E038EB263EA /* DDFileLogger.h */,
				467554C46554452AB9004F66 /* DDASLLogger.h */,
				A65468DF180042D3AC2837D2 /* DDTTYLogger.h */,
				834523EDFB5C41B2B81D11BB /* DDLog.h */,
				32E6C8B51AC34CC08D5EFB14 /* ContextFilterLogFormatter.h */,
				739DC8E4F6304730B9F65271 /* DispatchQueueLogFormatter.h */,
				DEDAF396A0AA45838CD71678 /* CordovaHttpPlugin.m */,
				9CD953D79EFA42039F72B4BF /* BinaryResponseSerializer.m */,
				E97C3D5C4A54425BB2DB5195 /* TextResponseSerializer.m */,
				30B0EF32FCE3491197A611A8 /* TextRequestSerializer.m */,
				519FD31EC22948FCA02E41ED /* AFHTTPSessionManager.m */,
				6DC22B3384BB47D5BB77E341 /* AFNetworkReachabilityManager.m */,
				F9DE4DC9563941AAAF844A97 /* AFSecurityPolicy.m */,
				D13906D8F4D840BB91D1E111 /* AFURLRequestSerialization.m */,
				52AB57C1EC824240BBC9C318 /* AFURLResponseSerialization.m */,
				3BD02D02F1D4443090E8E64E /* AFURLSessionManager.m */,
				A88B0AFF5B67425795545EA0 /* SDNetworkActivityIndicator.m */,
				8D8D4F3DB0BD4F6195312AA2 /* CordovaHttpPlugin.h */,
				47C0FAAE8AB14514B0EF8FEF /* BinaryResponseSerializer.h */,
				F2383BD7A91E45699687BB5A /* TextResponseSerializer.h */,
				79A26407F59448B1B75B2CBE /* TextRequestSerializer.h */,
				9E804F50443049C2B96F7DAB /* AFHTTPSessionManager.h */,
				8B2272EB55E444279223BB0F /* AFNetworking.h */,
				65CB04D276BA4F5794294AD7 /* AFNetworkReachabilityManager.h */,
				1BCE9DDB303840D4ACDB3A05 /* AFSecurityPolicy.h */,
				E501A6C54D3D4630A5760685 /* AFURLRequestSerialization.h */,
				92410970EE3341CEA38402E8 /* AFURLResponseSerialization.h */,
				527E784BECAF4AE1940B4960 /* AFURLSessionManager.h */,
				5F0FCF9FD3944EA39B62DBCE /* SDNetworkActivityIndicator.h */,
			);
			name = Plugins;
			path = "HelloCordova/Plugins";
			sourceTree = SOURCE_ROOT;
		};
		EB87FDF11871DA420020F90C /* Staging */ = {
			isa = PBXGroup;
			children = (
				F840E1F0165FE0F500CFE078 /* config.xml */,
				301BF56E109A69640062928A /* www */,
			);
			name = Staging;
			sourceTree = "<group>";
		};
/* End PBXGroup section */

/* Begin PBXNativeTarget section */
		1D6058900D05DD3D006BFB54 /* HelloCordova */ = {
			isa = PBXNativeTarget;
			buildConfigurationList = 1D6058960D05DD3E006BFB54 /* Build configuration list for PBXNativeTarget "HelloCordova" */;
			buildPhases = (
				304B58A110DAC018002A0835 /* Copy www directory */,
				1D60588D0D05DD3D006BFB54 /* Resources */,
				1D60588E0D05DD3D006BFB54 /* Sources */,
				1D60588F0D05DD3D006BFB54 /* Frameworks */,
			);
			buildRules = (
			);
			dependencies = (
				301BF551109A68C00062928A /* PBXTargetDependency */,
			);
			name = "HelloCordova";
			productName = "HelloCordova";
			productReference = 1D6058910D05DD3D006BFB54 /* HelloCordova.app */;
			productType = "com.apple.product-type.application";
		};
/* End PBXNativeTarget section */

/* Begin PBXProject section */
		29B97313FDCFA39411CA2CEA /* Project object */ = {
			isa = PBXProject;
			attributes = {
				LastUpgradeCheck = 510;
				TargetAttributes = {
					1D6058900D05DD3D006BFB54 = {
						ProvisioningStyle = Automatic;
					};
				};
			};
			buildConfigurationList = C01FCF4E08A954540054247B /* Build configuration list for PBXProject "HelloCordova" */;
			compatibilityVersion = "Xcode 3.2";
			developmentRegion = English;
			hasScannedForEncodings = 1;
			mainGroup = 29B97314FDCFA39411CA2CEA /* CustomTemplate */;
			projectDirPath = "";
			projectReferences = (
				{
					ProductGroup = 301BF52E109A57CC0062928A /* Products */;
					ProjectRef = 301BF52D109A57CC0062928A /* CordovaLib.xcodeproj */;
				},
			);
			projectRoot = "";
			targets = (
				1D6058900D05DD3D006BFB54 /* HelloCordova */,
			);
		};
/* End PBXProject section */

/* Begin PBXReferenceProxy section */
		301BF535109A57CC0062928A /* libCordova.a */ = {
			isa = PBXReferenceProxy;
			fileType = archive.ar;
			path = libCordova.a;
			remoteRef = 301BF534109A57CC0062928A /* PBXContainerItemProxy */;
			sourceTree = BUILT_PRODUCTS_DIR;
		};
		907D8124214C687600058A10 /* Cordova.framework */ = {
			isa = PBXReferenceProxy;
			fileType = wrapper.framework;
			path = Cordova.framework;
			remoteRef = 907D8123214C687600058A10 /* PBXContainerItemProxy */;
			sourceTree = BUILT_PRODUCTS_DIR;
		};
/* End PBXReferenceProxy section */

/* Begin PBXResourcesBuildPhase section */
		1D60588D0D05DD3D006BFB54 /* Resources */ = {
			isa = PBXResourcesBuildPhase;
			buildActionMask = 2147483647;
			files = (
				302D95F214D2391D003F00A1 /* MainViewController.xib in Resources */,
				0207DA581B56EA530066E2B4 /* Images.xcassets in Resources */,
				6AFF5BF91D6E424B00AB3073 /* CDVLaunchScreen.storyboard in Resources */,
			);
			runOnlyForDeploymentPostprocessing = 0;
		};
/* End PBXResourcesBuildPhase section */

/* Begin PBXShellScriptBuildPhase section */
		304B58A110DAC018002A0835 /* Copy www directory */ = {
			isa = PBXShellScriptBuildPhase;
			buildActionMask = 2147483647;
			files = (
			);
			inputPaths = (
			);
			name = "Copy www directory";
			outputPaths = (
			);
			runOnlyForDeploymentPostprocessing = 0;
			shellPath = /bin/sh;
			shellScript = "\"$SRCROOT/HelloCordova/Scripts/copy-www-build-step.sh\"";
			showEnvVarsInLog = 0;
		};
/* End PBXShellScriptBuildPhase section */

/* Begin PBXSourcesBuildPhase section */
		1D60588E0D05DD3D006BFB54 /* Sources */ = {
			isa = PBXSourcesBuildPhase;
			buildActionMask = 2147483647;
			files = (
				1D60589B0D05DD56006BFB54 /* main.m in Sources */,
				1D3623260D0F684500981E51 /* AppDelegate.m in Sources */,
				302D95F114D2391D003F00A1 /* MainViewController.m in Sources */,
				E2F72F7E5C554774B779018E /* CDVFile.m in Sources */,
				BAD7181CA584470F8C55974A /* CDVLocalFilesystem.m in Sources */,
				404D0DFF53274417A4114ECB /* CDVAssetLibraryFilesystem.m in Sources */,
				537E95E854E140EABDEE5484 /* CDVStatusBar.m in Sources */,
				B527092EDE1D44D8A6FBBCC0 /* CorHttpd.m in Sources */,
				672B255491AD4EC1869D2AA7 /* HTTPServer.m in Sources */,
				2D7F366C247B453BBEF035E1 /* WebSocket.m in Sources */,
				3FE37F77C1A84CC082742926 /* HTTPMessage.m in Sources */,
				AFEA003809C84441A3E0AEA6 /* HTTPAuthenticationRequest.m in Sources */,
				C5DBF456F5E24E2E88E1E48C /* HTTPConnection.m in Sources */,
				0D1D361083AF4C8D8C860241 /* HTTPAsyncFileResponse.m in Sources */,
				0EF3F07FA8D240639D69830C /* HTTPErrorResponse.m in Sources */,
				2FB4219467074883BE5B458C /* HTTPDynamicFileResponse.m in Sources */,
				5DDEB2659CF14C23ADF04217 /* HTTPRedirectResponse.m in Sources */,
				C0EA466210CF40F6BDBBC866 /* HTTPFileResponse.m in Sources */,
				B41CCBA111264C27B96ED256 /* HTTPDataResponse.m in Sources */,
				F95CB534741142E194F7E05A /* MultipartFormDataParser.m in Sources */,
				FDE81EAE0ED54EB89CBDD208 /* MultipartMessageHeader.m in Sources */,
				AAE611E35E73494C9E883CEE /* MultipartMessageHeaderField.m in Sources */,
				C70B679031734E799667F6B8 /* DDData.m in Sources */,
				3FE8721F1046456E9CF35C0D /* DDNumber.m in Sources */,
				4A22E06B21AE4B54BC270798 /* DDRange.m in Sources */,
				1C2B83F551FD406D9009D5D6 /* GCDAsyncSocket.m in Sources */,
				DEEBF9E1E5D34890BEAC0FEC /* DDAbstractDatabaseLogger.h in Resources */,
				ECEBAA98401D4B8693FD0922 /* DDAbstractDatabaseLogger.m in Sources */,
				B7AF5FE7381A47E892233A69 /* DDFileLogger.m in Sources */,
				E23DAAA463F646C7A5FF7285 /* DDASLLogger.m in Sources */,
				197A2C820D8547A1B98B80AE /* DDTTYLogger.m in Sources */,
				5FA799A7CB0D4B97B5B435E9 /* DDLog.m in Sources */,
				D476C165004246DABCB631BD /* ContextFilterLogFormatter.m in Sources */,
				72093B86C77A4BA48886D84D /* DispatchQueueLogFormatter.m in Sources */,
				8F2EABEF029847368A135B7D /* CordovaHttpPlugin.m in Sources */,
				7FA727FA947F45F18BE0523F /* BinaryResponseSerializer.m in Sources */,
				DD20507269BB47628F68DB1F /* TextResponseSerializer.m in Sources */,
				7E8C4F7DA6184534BCD92B52 /* TextRequestSerializer.m in Sources */,
				16556390C02742DCAF1D8B42 /* AFHTTPSessionManager.m in Sources */,
				61648BC9C7CB419C95A88774 /* AFNetworkReachabilityManager.m in Sources */,
				71E1B50515384A3282C65457 /* AFSecurityPolicy.m in Sources */,
				F1B81AF3B4B94DBBAF419BD0 /* AFURLRequestSerialization.m in Sources */,
				B872AA5A16524BA29F9F8EFC /* AFURLResponseSerialization.m in Sources */,
				CF905F9FA3BF4581AB57C948 /* AFURLSessionManager.m in Sources */,
				FA0D7778D5FD40D1B8F078F0 /* SDNetworkActivityIndicator.m in Sources */,
			);
			runOnlyForDeploymentPostprocessing = 0;
		};
/* End PBXSourcesBuildPhase section */

/* Begin PBXTargetDependency section */
		301BF551109A68C00062928A /* PBXTargetDependency */ = {
			isa = PBXTargetDependency;
			name = CordovaLib;
			targetProxy = 301BF550109A68C00062928A /* PBXContainerItemProxy */;
		};
/* End PBXTargetDependency section */

/* Begin XCBuildConfiguration section */
		1D6058940D05DD3E006BFB54 /* Debug */ = {
			isa = XCBuildConfiguration;
			baseConfigurationReference = 3047A50F1AB8059700498E2A /* build-debug.xcconfig */;
			buildSettings = {
				ALWAYS_SEARCH_USER_PATHS = NO;
				ASSETCATALOG_COMPILER_APPICON_NAME = AppIcon;
				ASSETCATALOG_COMPILER_LAUNCHIMAGE_NAME = LaunchImage;
				CLANG_ENABLE_MODULES = YES;
				CLANG_ENABLE_OBJC_ARC = YES;
				COPY_PHASE_STRIP = NO;
				GCC_DYNAMIC_NO_PIC = NO;
				GCC_OPTIMIZATION_LEVEL = 0;
				GCC_PRECOMPILE_PREFIX_HEADER = YES;
				GCC_PREFIX_HEADER = "HelloCordova/HelloCordova-Prefix.pch";
				GCC_THUMB_SUPPORT = NO;
				GCC_VERSION = "";
				INFOPLIST_FILE = "HelloCordova/HelloCordova-Info.plist";
				IPHONEOS_DEPLOYMENT_TARGET = 10.0;
				LD_RUNPATH_SEARCH_PATHS = "@executable_path/Frameworks";
				PRODUCT_BUNDLE_IDENTIFIER = io.cordova.hellocordova;
				PRODUCT_NAME = "$(TARGET_NAME)";
				TARGETED_DEVICE_FAMILY = "1,2";
			};
			name = Debug;
		};
		1D6058950D05DD3E006BFB54 /* Release */ = {
			isa = XCBuildConfiguration;
			baseConfigurationReference = 3047A5101AB8059700498E2A /* build-release.xcconfig */;
			buildSettings = {
				ALWAYS_SEARCH_USER_PATHS = NO;
				ASSETCATALOG_COMPILER_APPICON_NAME = AppIcon;
				ASSETCATALOG_COMPILER_LAUNCHIMAGE_NAME = LaunchImage;
				CLANG_ENABLE_MODULES = YES;
				CLANG_ENABLE_OBJC_ARC = YES;
				COPY_PHASE_STRIP = YES;
				GCC_PRECOMPILE_PREFIX_HEADER = YES;
				GCC_PREFIX_HEADER = "HelloCordova/HelloCordova-Prefix.pch";
				GCC_THUMB_SUPPORT = NO;
				GCC_VERSION = "";
				INFOPLIST_FILE = "HelloCordova/HelloCordova-Info.plist";
				IPHONEOS_DEPLOYMENT_TARGET = 10.0;
				LD_RUNPATH_SEARCH_PATHS = "@executable_path/Frameworks";
				PRODUCT_BUNDLE_IDENTIFIER = io.cordova.hellocordova;
				PRODUCT_NAME = "$(TARGET_NAME)";
				TARGETED_DEVICE_FAMILY = "1,2";
			};
			name = Release;
		};
		C01FCF4F08A954540054247B /* Debug */ = {
			isa = XCBuildConfiguration;
			baseConfigurationReference = 3047A5111AB8059700498E2A /* build.xcconfig */;
			buildSettings = {
				CLANG_ENABLE_MODULES = YES;
				CLANG_ENABLE_OBJC_ARC = YES;
				CLANG_WARN_BLOCK_CAPTURE_AUTORELEASING = YES;
				CLANG_WARN_BOOL_CONVERSION = YES;
				CLANG_WARN_COMMA = YES;
				CLANG_WARN_CONSTANT_CONVERSION = YES;
				CLANG_WARN_DEPRECATED_OBJC_IMPLEMENTATIONS = YES;
				CLANG_WARN_EMPTY_BODY = YES;
				CLANG_WARN_ENUM_CONVERSION = YES;
				CLANG_WARN_INFINITE_RECURSION = YES;
				CLANG_WARN_INT_CONVERSION = YES;
				CLANG_WARN_NON_LITERAL_NULL_CONVERSION = YES;
				CLANG_WARN_OBJC_IMPLICIT_RETAIN_SELF = YES;
				CLANG_WARN_OBJC_LITERAL_CONVERSION = YES;
				CLANG_WARN_RANGE_LOOP_ANALYSIS = YES;
				CLANG_WARN_STRICT_PROTOTYPES = YES;
				CLANG_WARN_SUSPICIOUS_MOVE = YES;
				CLANG_WARN_UNREACHABLE_CODE = YES;
				CLANG_WARN__DUPLICATE_METHOD_MATCH = YES;
				ENABLE_STRICT_OBJC_MSGSEND = YES;
				ENABLE_TESTABILITY = YES;
				GCC_C_LANGUAGE_STANDARD = c99;
				GCC_NO_COMMON_BLOCKS = YES;
				GCC_THUMB_SUPPORT = NO;
				GCC_VERSION = "";
				GCC_WARN_64_TO_32_BIT_CONVERSION = YES;
				GCC_WARN_ABOUT_RETURN_TYPE = YES;
				GCC_WARN_UNDECLARED_SELECTOR = YES;
				GCC_WARN_UNINITIALIZED_AUTOS = YES;
				GCC_WARN_UNUSED_FUNCTION = YES;
				GCC_WARN_UNUSED_VARIABLE = YES;
				ONLY_ACTIVE_ARCH = YES;
				SDKROOT = iphoneos;
				SKIP_INSTALL = NO;
				PRODUCT_BUNDLE_IDENTIFIER = io.cordova.hellocordova;
			};
			name = Debug;
		};
		C01FCF5008A954540054247B /* Release */ = {
			isa = XCBuildConfiguration;
			baseConfigurationReference = 3047A5111AB8059700498E2A /* build.xcconfig */;
			buildSettings = {
				CLANG_ENABLE_MODULES = YES;
				CLANG_ENABLE_OBJC_ARC = YES;
				CLANG_WARN_BLOCK_CAPTURE_AUTORELEASING = YES;
				CLANG_WARN_BOOL_CONVERSION = YES;
				CLANG_WARN_COMMA = YES;
				CLANG_WARN_CONSTANT_CONVERSION = YES;
				CLANG_WARN_DEPRECATED_OBJC_IMPLEMENTATIONS = YES;
				CLANG_WARN_EMPTY_BODY = YES;
				CLANG_WARN_ENUM_CONVERSION = YES;
				CLANG_WARN_INFINITE_RECURSION = YES;
				CLANG_WARN_INT_CONVERSION = YES;
				CLANG_WARN_NON_LITERAL_NULL_CONVERSION = YES;
				CLANG_WARN_OBJC_IMPLICIT_RETAIN_SELF = YES;
				CLANG_WARN_OBJC_LITERAL_CONVERSION = YES;
				CLANG_WARN_RANGE_LOOP_ANALYSIS = YES;
				CLANG_WARN_STRICT_PROTOTYPES = YES;
				CLANG_WARN_SUSPICIOUS_MOVE = YES;
				CLANG_WARN_UNREACHABLE_CODE = YES;
				CLANG_WARN__DUPLICATE_METHOD_MATCH = YES;
				ENABLE_STRICT_OBJC_MSGSEND = YES;
				GCC_C_LANGUAGE_STANDARD = c99;
				GCC_NO_COMMON_BLOCKS = YES;
				GCC_THUMB_SUPPORT = NO;
				GCC_VERSION = "";
				GCC_WARN_64_TO_32_BIT_CONVERSION = YES;
				GCC_WARN_ABOUT_RETURN_TYPE = YES;
				GCC_WARN_UNDECLARED_SELECTOR = YES;
				GCC_WARN_UNINITIALIZED_AUTOS = YES;
				GCC_WARN_UNUSED_FUNCTION = YES;
				GCC_WARN_UNUSED_VARIABLE = YES;
				SDKROOT = iphoneos;
				SKIP_INSTALL = NO;
				PRODUCT_BUNDLE_IDENTIFIER = io.cordova.hellocordova;
			};
			name = Release;
		};
/* End XCBuildConfiguration section */

/* Begin XCConfigurationList section */
		1D6058960D05DD3E006BFB54 /* Build configuration list for PBXNativeTarget "HelloCordova" */ = {
			isa = XCConfigurationList;
			buildConfigurations = (
				1D6058940D05DD3E006BFB54 /* Debug */,
				1D6058950D05DD3E006BFB54 /* Release */,
			);
			defaultConfigurationIsVisible = 0;
			defaultConfigurationName = Release;
		};
		C01FCF4E08A954540054247B /* Build configuration list for PBXProject "HelloCordova" */ = {
			isa = XCConfigurationList;
			buildConfigurations = (
				C01FCF4F08A954540054247B /* Debug */,
				C01FCF5008A954540054247B /* Release */,
			);
			defaultConfigurationIsVisible = 0;
			defaultConfigurationName = Release;
		};
/* End XCConfigurationList section */
	};
	rootObject = 29B97313FDCFA39411CA2CEA /* Project object */;
}
